dependencies:
- name: mongodb
  repository: https://charts.bitnami.com/bitnami
  version: 13.8.1
- name: nats
  repository: https://nats-io.github.io/k8s/helm/charts/
  version: 0.19.5
- name: common
  repository: file://../common
  version: 0.2.0
digest: sha256:6b360063730cb6046e4a2b40f64ad49615d73f6f30f3a57ca6d93f455839900a
generated: "2023-02-22T22:09:47.624496658Z"
