dependencies:
- name: mongodb
  repository: https://charts.bitnami.com/bitnami
  version: 13.6.3
- name: nats
  repository: https://nats-io.github.io/k8s/helm/charts/
  version: 0.19.11
- name: common
  repository: file://../common
  version: 0.2.0
digest: sha256:a23200395a61fadcff0a8874191ada0215f2d3d5426734f314c107239a7c2036
generated: "2023-02-23T13:43:26.235910754Z"
